// !$*UTF8*$!
{
	archiveVersion = 1;
	classes = {
	};
	objectVersion = 56;
	objects = {

/* Begin PBXBuildFile section */
		4C11C74728F6B28D002E4441 /* Next Expense wOS Watch App.app in Embed Watch Content */ = {isa = PBXBuildFile; fileRef = 4C11C74628F6B28D002E4441 /* Next Expense wOS Watch App.app */; settings = {ATTRIBUTES = (RemoveHeadersOnCopy, ); }; };
		4C11C74C28F6B28D002E4441 /* Next_Expense_wOSApp.swift in Sources */ = {isa = PBXBuildFile; fileRef = 4C11C74B28F6B28D002E4441 /* Next_Expense_wOSApp.swift */; };
		4C11C74E28F6B28D002E4441 /* ContentView.swift in Sources */ = {isa = PBXBuildFile; fileRef = 4C11C74D28F6B28D002E4441 /* ContentView.swift */; };
		4C11C75028F6B28E002E4441 /* Assets.xcassets in Resources */ = {isa = PBXBuildFile; fileRef = 4C11C74F28F6B28E002E4441 /* Assets.xcassets */; };
		4C11C75328F6B28E002E4441 /* Preview Assets.xcassets in Resources */ = {isa = PBXBuildFile; fileRef = 4C11C75228F6B28E002E4441 /* Preview Assets.xcassets */; };
		4C11C76428F73B74002E4441 /* AddTransactionView.swift in Sources */ = {isa = PBXBuildFile; fileRef = 4C11C76328F73B74002E4441 /* AddTransactionView.swift */; };
		4C11C76928F74123002E4441 /* TransactionListView.swift in Sources */ = {isa = PBXBuildFile; fileRef = 4C11C76828F74123002E4441 /* TransactionListView.swift */; };
		4C45070828F749A000D17558 /* Next_Expense_wOS.xcdatamodeld in Sources */ = {isa = PBXBuildFile; fileRef = 4C45070628F749A000D17558 /* Next_Expense_wOS.xcdatamodeld */; };
		4C45070928F74AD500D17558 /* Persistence.swift in Sources */ = {isa = PBXBuildFile; fileRef = 4C11C76528F73DA7002E4441 /* Persistence.swift */; };
		4C586175291414A3009FD743 /* CategoryGroupListView.swift in Sources */ = {isa = PBXBuildFile; fileRef = 4C586174291414A3009FD743 /* CategoryGroupListView.swift */; };
		4C58617729141FEA009FD743 /* MiniReportingView.swift in Sources */ = {isa = PBXBuildFile; fileRef = 4C58617629141FEA009FD743 /* MiniReportingView.swift */; };
		4C5D482028FF550E0042693C /* PeriodListView.swift in Sources */ = {isa = PBXBuildFile; fileRef = 4C5D481F28FF550E0042693C /* PeriodListView.swift */; };
		4C87060B28FD5405003CEAC0 /* AddCategoryToGroupView.swift in Sources */ = {isa = PBXBuildFile; fileRef = 4C87060A28FD5405003CEAC0 /* AddCategoryToGroupView.swift */; };
		4C87060D28FD5587003CEAC0 /* CategoryGroupDetailView.swift in Sources */ = {isa = PBXBuildFile; fileRef = 4C87060C28FD5587003CEAC0 /* CategoryGroupDetailView.swift */; };
		4C88A01128FF6DEF00C4584C /* BudgetListView.swift in Sources */ = {isa = PBXBuildFile; fileRef = 4C88A01028FF6DEE00C4584C /* BudgetListView.swift */; };
		4C8CC6B5290771C60025F8D1 /* Extensions.swift in Sources */ = {isa = PBXBuildFile; fileRef = 4C8CC6B4290771C60025F8D1 /* Extensions.swift */; };
		4CC1DA6D29005C97000DCA2F /* NumpadView.swift in Sources */ = {isa = PBXBuildFile; fileRef = 4CC1DA6C29005C97000DCA2F /* NumpadView.swift */; };
		4CC1DA6F29005CE6000DCA2F /* NumpadKeyView.swift in Sources */ = {isa = PBXBuildFile; fileRef = 4CC1DA6E29005CE6000DCA2F /* NumpadKeyView.swift */; };
		4CDF629228DDEF1E0047C765 /* Next_ExpenseApp.swift in Sources */ = {isa = PBXBuildFile; fileRef = 4CDF629128DDEF1E0047C765 /* Next_ExpenseApp.swift */; };
		4CDF629428DDEF1E0047C765 /* ContentView.swift in Sources */ = {isa = PBXBuildFile; fileRef = 4CDF629328DDEF1E0047C765 /* ContentView.swift */; };
		4CDF629628DDEF200047C765 /* Assets.xcassets in Resources */ = {isa = PBXBuildFile; fileRef = 4CDF629528DDEF200047C765 /* Assets.xcassets */; };
		4CDF629928DDEF200047C765 /* Preview Assets.xcassets in Resources */ = {isa = PBXBuildFile; fileRef = 4CDF629828DDEF200047C765 /* Preview Assets.xcassets */; };
		4CDF629B28DDEF200047C765 /* Persistence.swift in Sources */ = {isa = PBXBuildFile; fileRef = 4CDF629A28DDEF200047C765 /* Persistence.swift */; };
		4CDF629E28DDEF200047C765 /* Next_Expense.xcdatamodeld in Sources */ = {isa = PBXBuildFile; fileRef = 4CDF629C28DDEF200047C765 /* Next_Expense.xcdatamodeld */; };
		4CDF62AA28DDF0F60047C765 /* AccountListView.swift in Sources */ = {isa = PBXBuildFile; fileRef = 4CDF62A928DDF0F60047C765 /* AccountListView.swift */; };
		4CDF62AC28DDF1010047C765 /* AddAccountView.swift in Sources */ = {isa = PBXBuildFile; fileRef = 4CDF62AB28DDF1010047C765 /* AddAccountView.swift */; };
		4CDF62AE28DDF6FD0047C765 /* TransactionListView.swift in Sources */ = {isa = PBXBuildFile; fileRef = 4CDF62AD28DDF6FD0047C765 /* TransactionListView.swift */; };
		4CDF62B028DDF7040047C765 /* AddTransactionView.swift in Sources */ = {isa = PBXBuildFile; fileRef = 4CDF62AF28DDF7040047C765 /* AddTransactionView.swift */; };
		4CDF62B228DE0EBD0047C765 /* AccountView.swift in Sources */ = {isa = PBXBuildFile; fileRef = 4CDF62B128DE0EBD0047C765 /* AccountView.swift */; };
		4CDF62B428DE1F960047C765 /* TransactionDetailView.swift in Sources */ = {isa = PBXBuildFile; fileRef = 4CDF62B328DE1F960047C765 /* TransactionDetailView.swift */; };
		4CDF62B628DE2FAB0047C765 /* CategoryListView.swift in Sources */ = {isa = PBXBuildFile; fileRef = 4CDF62B528DE2FAB0047C765 /* CategoryListView.swift */; };
		4CDF62B828DE30CE0047C765 /* CategoryDetailView.swift in Sources */ = {isa = PBXBuildFile; fileRef = 4CDF62B728DE30CE0047C765 /* CategoryDetailView.swift */; };
		4CDF62BA28DE31300047C765 /* AddCategoryView.swift in Sources */ = {isa = PBXBuildFile; fileRef = 4CDF62B928DE31300047C765 /* AddCategoryView.swift */; };
		4CDF62BC28DE35740047C765 /* CategoryView.swift in Sources */ = {isa = PBXBuildFile; fileRef = 4CDF62BB28DE35740047C765 /* CategoryView.swift */; };
		4CDF62BE28DE39D10047C765 /* AccountDetailView.swift in Sources */ = {isa = PBXBuildFile; fileRef = 4CDF62BD28DE39D10047C765 /* AccountDetailView.swift */; };
		4CE5B6E12916B03900E87B0D /* CSVExportView.swift in Sources */ = {isa = PBXBuildFile; fileRef = 4CE5B6E02916B03900E87B0D /* CSVExportView.swift */; };
		4CEDD45028F9A2960041BEEA /* ReportingView.swift in Sources */ = {isa = PBXBuildFile; fileRef = 4CEDD44F28F9A2960041BEEA /* ReportingView.swift */; };
		4CEDD45228F9A3380041BEEA /* CategoryGroupView.swift in Sources */ = {isa = PBXBuildFile; fileRef = 4CEDD45128F9A3380041BEEA /* CategoryGroupView.swift */; };
		4CEDD45428F9A4230041BEEA /* AddCategoryGroupView.swift in Sources */ = {isa = PBXBuildFile; fileRef = 4CEDD45328F9A4230041BEEA /* AddCategoryGroupView.swift */; };
/* End PBXBuildFile section */

/* Begin PBXContainerItemProxy section */
		4C11C74828F6B28D002E4441 /* PBXContainerItemProxy */ = {
			isa = PBXContainerItemProxy;
			containerPortal = 4CDF628628DDEF1E0047C765 /* Project object */;
			proxyType = 1;
			remoteGlobalIDString = 4C11C74528F6B28D002E4441;
			remoteInfo = "Next Expense wOS Watch App";
		};
/* End PBXContainerItemProxy section */

/* Begin PBXCopyFilesBuildPhase section */
		4C11C75628F6B28E002E4441 /* Embed Watch Content */ = {
			isa = PBXCopyFilesBuildPhase;
			buildActionMask = 2147483647;
			dstPath = "$(CONTENTS_FOLDER_PATH)/Watch";
			dstSubfolderSpec = 16;
			files = (
				4C11C74728F6B28D002E4441 /* Next Expense wOS Watch App.app in Embed Watch Content */,
			);
			name = "Embed Watch Content";
			runOnlyForDeploymentPostprocessing = 0;
		};
/* End PBXCopyFilesBuildPhase section */

/* Begin PBXFileReference section */
		4C11C74128F6B28C002E4441 /* Next Expense wOS.app */ = {isa = PBXFileReference; explicitFileType = wrapper.application; includeInIndex = 0; path = "Next Expense wOS.app"; sourceTree = BUILT_PRODUCTS_DIR; };
		4C11C74628F6B28D002E4441 /* Next Expense wOS Watch App.app */ = {isa = PBXFileReference; explicitFileType = wrapper.application; includeInIndex = 0; path = "Next Expense wOS Watch App.app"; sourceTree = BUILT_PRODUCTS_DIR; };
		4C11C74B28F6B28D002E4441 /* Next_Expense_wOSApp.swift */ = {isa = PBXFileReference; lastKnownFileType = sourcecode.swift; path = Next_Expense_wOSApp.swift; sourceTree = "<group>"; };
		4C11C74D28F6B28D002E4441 /* ContentView.swift */ = {isa = PBXFileReference; lastKnownFileType = sourcecode.swift; path = ContentView.swift; sourceTree = "<group>"; };
		4C11C74F28F6B28E002E4441 /* Assets.xcassets */ = {isa = PBXFileReference; lastKnownFileType = folder.assetcatalog; path = Assets.xcassets; sourceTree = "<group>"; };
		4C11C75228F6B28E002E4441 /* Preview Assets.xcassets */ = {isa = PBXFileReference; lastKnownFileType = folder.assetcatalog; path = "Preview Assets.xcassets"; sourceTree = "<group>"; };
		4C11C76328F73B74002E4441 /* AddTransactionView.swift */ = {isa = PBXFileReference; lastKnownFileType = sourcecode.swift; path = AddTransactionView.swift; sourceTree = "<group>"; };
		4C11C76528F73DA7002E4441 /* Persistence.swift */ = {isa = PBXFileReference; lastKnownFileType = sourcecode.swift; path = Persistence.swift; sourceTree = "<group>"; };
		4C11C76828F74123002E4441 /* TransactionListView.swift */ = {isa = PBXFileReference; lastKnownFileType = sourcecode.swift; path = TransactionListView.swift; sourceTree = "<group>"; };
		4C45070028F744CE00D17558 /* Next Expense.entitlements */ = {isa = PBXFileReference; lastKnownFileType = text.plist.entitlements; path = "Next Expense.entitlements"; sourceTree = "<group>"; };
		4C45070128F7461800D17558 /* Next Expense wOS Watch App.entitlements */ = {isa = PBXFileReference; lastKnownFileType = text.plist.entitlements; path = "Next Expense wOS Watch App.entitlements"; sourceTree = "<group>"; };
		4C45070228F7476D00D17558 /* Next-Expense-wOS-Watch-App-Info.plist */ = {isa = PBXFileReference; lastKnownFileType = text.plist; path = "Next-Expense-wOS-Watch-App-Info.plist"; sourceTree = SOURCE_ROOT; };
		4C45070728F749A000D17558 /* Next_Expense_wOS.xcdatamodel */ = {isa = PBXFileReference; lastKnownFileType = wrapper.xcdatamodel; path = Next_Expense_wOS.xcdatamodel; sourceTree = "<group>"; };
		4C586174291414A3009FD743 /* CategoryGroupListView.swift */ = {isa = PBXFileReference; lastKnownFileType = sourcecode.swift; path = CategoryGroupListView.swift; sourceTree = "<group>"; };
		4C58617629141FEA009FD743 /* MiniReportingView.swift */ = {isa = PBXFileReference; lastKnownFileType = sourcecode.swift; path = MiniReportingView.swift; sourceTree = "<group>"; };
		4C5D481F28FF550E0042693C /* PeriodListView.swift */ = {isa = PBXFileReference; lastKnownFileType = sourcecode.swift; path = PeriodListView.swift; sourceTree = "<group>"; };
		4C87060A28FD5405003CEAC0 /* AddCategoryToGroupView.swift */ = {isa = PBXFileReference; lastKnownFileType = sourcecode.swift; path = AddCategoryToGroupView.swift; sourceTree = "<group>"; };
		4C87060C28FD5587003CEAC0 /* CategoryGroupDetailView.swift */ = {isa = PBXFileReference; lastKnownFileType = sourcecode.swift; path = CategoryGroupDetailView.swift; sourceTree = "<group>"; };
		4C88A01028FF6DEE00C4584C /* BudgetListView.swift */ = {isa = PBXFileReference; lastKnownFileType = sourcecode.swift; path = BudgetListView.swift; sourceTree = "<group>"; };
		4C8CC6B4290771C60025F8D1 /* Extensions.swift */ = {isa = PBXFileReference; lastKnownFileType = sourcecode.swift; path = Extensions.swift; sourceTree = "<group>"; };
		4CC1DA6C29005C97000DCA2F /* NumpadView.swift */ = {isa = PBXFileReference; lastKnownFileType = sourcecode.swift; path = NumpadView.swift; sourceTree = "<group>"; };
		4CC1DA6E29005CE6000DCA2F /* NumpadKeyView.swift */ = {isa = PBXFileReference; lastKnownFileType = sourcecode.swift; path = NumpadKeyView.swift; sourceTree = "<group>"; };
		4CDF628E28DDEF1E0047C765 /* Next Expense.app */ = {isa = PBXFileReference; explicitFileType = wrapper.application; includeInIndex = 0; path = "Next Expense.app"; sourceTree = BUILT_PRODUCTS_DIR; };
		4CDF629128DDEF1E0047C765 /* Next_ExpenseApp.swift */ = {isa = PBXFileReference; lastKnownFileType = sourcecode.swift; path = Next_ExpenseApp.swift; sourceTree = "<group>"; };
		4CDF629328DDEF1E0047C765 /* ContentView.swift */ = {isa = PBXFileReference; lastKnownFileType = sourcecode.swift; path = ContentView.swift; sourceTree = "<group>"; };
		4CDF629528DDEF200047C765 /* Assets.xcassets */ = {isa = PBXFileReference; lastKnownFileType = folder.assetcatalog; path = Assets.xcassets; sourceTree = "<group>"; };
		4CDF629828DDEF200047C765 /* Preview Assets.xcassets */ = {isa = PBXFileReference; lastKnownFileType = folder.assetcatalog; path = "Preview Assets.xcassets"; sourceTree = "<group>"; };
		4CDF629A28DDEF200047C765 /* Persistence.swift */ = {isa = PBXFileReference; lastKnownFileType = sourcecode.swift; path = Persistence.swift; sourceTree = "<group>"; };
		4CDF629D28DDEF200047C765 /* Next_Expense.xcdatamodel */ = {isa = PBXFileReference; lastKnownFileType = wrapper.xcdatamodel; path = Next_Expense.xcdatamodel; sourceTree = "<group>"; };
		4CDF629F28DDEF200047C765 /* Info.plist */ = {isa = PBXFileReference; lastKnownFileType = text.plist.xml; path = Info.plist; sourceTree = "<group>"; };
		4CDF62A928DDF0F60047C765 /* AccountListView.swift */ = {isa = PBXFileReference; lastKnownFileType = sourcecode.swift; path = AccountListView.swift; sourceTree = "<group>"; };
		4CDF62AB28DDF1010047C765 /* AddAccountView.swift */ = {isa = PBXFileReference; lastKnownFileType = sourcecode.swift; path = AddAccountView.swift; sourceTree = "<group>"; };
		4CDF62AD28DDF6FD0047C765 /* TransactionListView.swift */ = {isa = PBXFileReference; lastKnownFileType = sourcecode.swift; path = TransactionListView.swift; sourceTree = "<group>"; };
		4CDF62AF28DDF7040047C765 /* AddTransactionView.swift */ = {isa = PBXFileReference; lastKnownFileType = sourcecode.swift; path = AddTransactionView.swift; sourceTree = "<group>"; };
		4CDF62B128DE0EBD0047C765 /* AccountView.swift */ = {isa = PBXFileReference; lastKnownFileType = sourcecode.swift; path = AccountView.swift; sourceTree = "<group>"; };
		4CDF62B328DE1F960047C765 /* TransactionDetailView.swift */ = {isa = PBXFileReference; lastKnownFileType = sourcecode.swift; path = TransactionDetailView.swift; sourceTree = "<group>"; };
		4CDF62B528DE2FAB0047C765 /* CategoryListView.swift */ = {isa = PBXFileReference; lastKnownFileType = sourcecode.swift; path = CategoryListView.swift; sourceTree = "<group>"; };
		4CDF62B728DE30CE0047C765 /* CategoryDetailView.swift */ = {isa = PBXFileReference; lastKnownFileType = sourcecode.swift; path = CategoryDetailView.swift; sourceTree = "<group>"; };
		4CDF62B928DE31300047C765 /* AddCategoryView.swift */ = {isa = PBXFileReference; lastKnownFileType = sourcecode.swift; path = AddCategoryView.swift; sourceTree = "<group>"; };
		4CDF62BB28DE35740047C765 /* CategoryView.swift */ = {isa = PBXFileReference; lastKnownFileType = sourcecode.swift; path = CategoryView.swift; sourceTree = "<group>"; };
		4CDF62BD28DE39D10047C765 /* AccountDetailView.swift */ = {isa = PBXFileReference; lastKnownFileType = sourcecode.swift; path = AccountDetailView.swift; sourceTree = "<group>"; };
		4CE5B6E02916B03900E87B0D /* CSVExportView.swift */ = {isa = PBXFileReference; lastKnownFileType = sourcecode.swift; path = CSVExportView.swift; sourceTree = "<group>"; };
		4CEDD44F28F9A2960041BEEA /* ReportingView.swift */ = {isa = PBXFileReference; lastKnownFileType = sourcecode.swift; path = ReportingView.swift; sourceTree = "<group>"; };
		4CEDD45128F9A3380041BEEA /* CategoryGroupView.swift */ = {isa = PBXFileReference; lastKnownFileType = sourcecode.swift; path = CategoryGroupView.swift; sourceTree = "<group>"; };
		4CEDD45328F9A4230041BEEA /* AddCategoryGroupView.swift */ = {isa = PBXFileReference; lastKnownFileType = sourcecode.swift; path = AddCategoryGroupView.swift; sourceTree = "<group>"; };
/* End PBXFileReference section */

/* Begin PBXFrameworksBuildPhase section */
		4C11C74328F6B28D002E4441 /* Frameworks */ = {
			isa = PBXFrameworksBuildPhase;
			buildActionMask = 2147483647;
			files = (
			);
			runOnlyForDeploymentPostprocessing = 0;
		};
		4CDF628B28DDEF1E0047C765 /* Frameworks */ = {
			isa = PBXFrameworksBuildPhase;
			buildActionMask = 2147483647;
			files = (
			);
			runOnlyForDeploymentPostprocessing = 0;
		};
/* End PBXFrameworksBuildPhase section */

/* Begin PBXGroup section */
		4C11C74A28F6B28D002E4441 /* Next Expense wOS Watch App */ = {
			isa = PBXGroup;
			children = (
				4C45070228F7476D00D17558 /* Next-Expense-wOS-Watch-App-Info.plist */,
				4C45070128F7461800D17558 /* Next Expense wOS Watch App.entitlements */,
				4C11C74B28F6B28D002E4441 /* Next_Expense_wOSApp.swift */,
				4C11C74D28F6B28D002E4441 /* ContentView.swift */,
				4C11C76728F73DAD002E4441 /* Core Data */,
				4C11C76228F73A80002E4441 /* Transactions */,
				4C11C74F28F6B28E002E4441 /* Assets.xcassets */,
				4C11C75128F6B28E002E4441 /* Preview Content */,
			);
			path = "Next Expense wOS Watch App";
			sourceTree = "<group>";
		};
		4C11C75128F6B28E002E4441 /* Preview Content */ = {
			isa = PBXGroup;
			children = (
				4C11C75228F6B28E002E4441 /* Preview Assets.xcassets */,
			);
			path = "Preview Content";
			sourceTree = "<group>";
		};
		4C11C75B28F6B2E4002E4441 /* Categories */ = {
			isa = PBXGroup;
			children = (
				4CDF62B528DE2FAB0047C765 /* CategoryListView.swift */,
				4CDF62BB28DE35740047C765 /* CategoryView.swift */,
				4CDF62B728DE30CE0047C765 /* CategoryDetailView.swift */,
				4CDF62B928DE31300047C765 /* AddCategoryView.swift */,
			);
			path = Categories;
			sourceTree = "<group>";
		};
		4C11C75C28F6B2FA002E4441 /* Transactions */ = {
			isa = PBXGroup;
			children = (
				4CDF62AD28DDF6FD0047C765 /* TransactionListView.swift */,
				4CDF62B328DE1F960047C765 /* TransactionDetailView.swift */,
				4CDF62AF28DDF7040047C765 /* AddTransactionView.swift */,
			);
			path = Transactions;
			sourceTree = "<group>";
		};
		4C11C76228F73A80002E4441 /* Transactions */ = {
			isa = PBXGroup;
			children = (
				4C11C76828F74123002E4441 /* TransactionListView.swift */,
				4C11C76328F73B74002E4441 /* AddTransactionView.swift */,
			);
			path = Transactions;
			sourceTree = "<group>";
		};
		4C11C76728F73DAD002E4441 /* Core Data */ = {
			isa = PBXGroup;
			children = (
				4C11C76528F73DA7002E4441 /* Persistence.swift */,
				4C45070628F749A000D17558 /* Next_Expense_wOS.xcdatamodeld */,
			);
			path = "Core Data";
			sourceTree = "<group>";
		};
		4C5D481E28FF54FD0042693C /* Administration */ = {
			isa = PBXGroup;
			children = (
				4C5D481F28FF550E0042693C /* PeriodListView.swift */,
				4C88A01028FF6DEE00C4584C /* BudgetListView.swift */,
				4C586174291414A3009FD743 /* CategoryGroupListView.swift */,
				4CE5B6E02916B03900E87B0D /* CSVExportView.swift */,
			);
			path = Administration;
			sourceTree = "<group>";
		};
		4CC1DA7029005CEA000DCA2F /* Numpad */ = {
			isa = PBXGroup;
			children = (
				4CC1DA6C29005C97000DCA2F /* NumpadView.swift */,
				4CC1DA6E29005CE6000DCA2F /* NumpadKeyView.swift */,
			);
			path = Numpad;
			sourceTree = "<group>";
		};
		4CDF628528DDEF1E0047C765 = {
			isa = PBXGroup;
			children = (
				4CDF629028DDEF1E0047C765 /* Next Expense */,
				4C11C74A28F6B28D002E4441 /* Next Expense wOS Watch App */,
				4CDF628F28DDEF1E0047C765 /* Products */,
			);
			sourceTree = "<group>";
		};
		4CDF628F28DDEF1E0047C765 /* Products */ = {
			isa = PBXGroup;
			children = (
				4CDF628E28DDEF1E0047C765 /* Next Expense.app */,
				4C11C74128F6B28C002E4441 /* Next Expense wOS.app */,
				4C11C74628F6B28D002E4441 /* Next Expense wOS Watch App.app */,
			);
			name = Products;
			sourceTree = "<group>";
		};
		4CDF629028DDEF1E0047C765 /* Next Expense */ = {
			isa = PBXGroup;
			children = (
				4C45070028F744CE00D17558 /* Next Expense.entitlements */,
				4CDF62A528DDEF4C0047C765 /* Core data */,
				4CDF629128DDEF1E0047C765 /* Next_ExpenseApp.swift */,
				4CDF629328DDEF1E0047C765 /* ContentView.swift */,
				4CC1DA7029005CEA000DCA2F /* Numpad */,
				4C11C75B28F6B2E4002E4441 /* Categories */,
				4CDF62A628DDF0030047C765 /* Accounts */,
				4C11C75C28F6B2FA002E4441 /* Transactions */,
				4CEDD44E28F9A2540041BEEA /* Reporting */,
				4C5D481E28FF54FD0042693C /* Administration */,
				4CDF629528DDEF200047C765 /* Assets.xcassets */,
				4CDF629F28DDEF200047C765 /* Info.plist */,
				4CDF629728DDEF200047C765 /* Preview Content */,
			);
			path = "Next Expense";
			sourceTree = "<group>";
		};
		4CDF629728DDEF200047C765 /* Preview Content */ = {
			isa = PBXGroup;
			children = (
				4CDF629828DDEF200047C765 /* Preview Assets.xcassets */,
			);
			path = "Preview Content";
			sourceTree = "<group>";
		};
		4CDF62A528DDEF4C0047C765 /* Core data */ = {
			isa = PBXGroup;
			children = (
				4CDF629A28DDEF200047C765 /* Persistence.swift */,
				4CDF629C28DDEF200047C765 /* Next_Expense.xcdatamodeld */,
				4C8CC6B4290771C60025F8D1 /* Extensions.swift */,
			);
			path = "Core data";
			sourceTree = "<group>";
		};
		4CDF62A628DDF0030047C765 /* Accounts */ = {
			isa = PBXGroup;
			children = (
				4CDF62A928DDF0F60047C765 /* AccountListView.swift */,
				4CDF62B128DE0EBD0047C765 /* AccountView.swift */,
				4CDF62BD28DE39D10047C765 /* AccountDetailView.swift */,
				4CDF62AB28DDF1010047C765 /* AddAccountView.swift */,
			);
			path = Accounts;
			sourceTree = "<group>";
		};
		4CEDD44E28F9A2540041BEEA /* Reporting */ = {
			isa = PBXGroup;
			children = (
				4C58617629141FEA009FD743 /* MiniReportingView.swift */,
				4CEDD44F28F9A2960041BEEA /* ReportingView.swift */,
				4CEDD45128F9A3380041BEEA /* CategoryGroupView.swift */,
				4C87060C28FD5587003CEAC0 /* CategoryGroupDetailView.swift */,
				4CEDD45328F9A4230041BEEA /* AddCategoryGroupView.swift */,
				4C87060A28FD5405003CEAC0 /* AddCategoryToGroupView.swift */,
			);
			path = Reporting;
			sourceTree = "<group>";
		};
/* End PBXGroup section */

/* Begin PBXNativeTarget section */
		4C11C74028F6B28C002E4441 /* Next Expense wOS */ = {
			isa = PBXNativeTarget;
			buildConfigurationList = 4C11C75A28F6B28E002E4441 /* Build configuration list for PBXNativeTarget "Next Expense wOS" */;
			buildPhases = (
				4C11C73F28F6B28C002E4441 /* Resources */,
				4C11C75628F6B28E002E4441 /* Embed Watch Content */,
			);
			buildRules = (
			);
			dependencies = (
				4C11C74928F6B28D002E4441 /* PBXTargetDependency */,
			);
			name = "Next Expense wOS";
			productName = "Next Expense wOS";
			productReference = 4C11C74128F6B28C002E4441 /* Next Expense wOS.app */;
			productType = "com.apple.product-type.application.watchapp2-container";
		};
		4C11C74528F6B28D002E4441 /* Next Expense wOS Watch App */ = {
			isa = PBXNativeTarget;
			buildConfigurationList = 4C11C75928F6B28E002E4441 /* Build configuration list for PBXNativeTarget "Next Expense wOS Watch App" */;
			buildPhases = (
				4C11C74228F6B28D002E4441 /* Sources */,
				4C11C74328F6B28D002E4441 /* Frameworks */,
				4C11C74428F6B28D002E4441 /* Resources */,
			);
			buildRules = (
			);
			dependencies = (
			);
			name = "Next Expense wOS Watch App";
			productName = "Next Expense wOS Watch App";
			productReference = 4C11C74628F6B28D002E4441 /* Next Expense wOS Watch App.app */;
			productType = "com.apple.product-type.application";
		};
		4CDF628D28DDEF1E0047C765 /* Next Expense */ = {
			isa = PBXNativeTarget;
			buildConfigurationList = 4CDF62A228DDEF200047C765 /* Build configuration list for PBXNativeTarget "Next Expense" */;
			buildPhases = (
				4CDF628A28DDEF1E0047C765 /* Sources */,
				4CDF628B28DDEF1E0047C765 /* Frameworks */,
				4CDF628C28DDEF1E0047C765 /* Resources */,
			);
			buildRules = (
			);
			dependencies = (
			);
			name = "Next Expense";
			productName = "Next Expense";
			productReference = 4CDF628E28DDEF1E0047C765 /* Next Expense.app */;
			productType = "com.apple.product-type.application";
		};
/* End PBXNativeTarget section */

/* Begin PBXProject section */
		4CDF628628DDEF1E0047C765 /* Project object */ = {
			isa = PBXProject;
			attributes = {
				BuildIndependentTargetsInParallel = 1;
				LastSwiftUpdateCheck = 1400;
				LastUpgradeCheck = 1400;
				TargetAttributes = {
					4C11C74028F6B28C002E4441 = {
						CreatedOnToolsVersion = 14.0.1;
					};
					4C11C74528F6B28D002E4441 = {
						CreatedOnToolsVersion = 14.0.1;
					};
					4CDF628D28DDEF1E0047C765 = {
						CreatedOnToolsVersion = 14.0;
					};
				};
			};
			buildConfigurationList = 4CDF628928DDEF1E0047C765 /* Build configuration list for PBXProject "Next Expense" */;
			compatibilityVersion = "Xcode 14.0";
			developmentRegion = en;
			hasScannedForEncodings = 0;
			knownRegions = (
				en,
				Base,
			);
			mainGroup = 4CDF628528DDEF1E0047C765;
			productRefGroup = 4CDF628F28DDEF1E0047C765 /* Products */;
			projectDirPath = "";
			projectRoot = "";
			targets = (
				4CDF628D28DDEF1E0047C765 /* Next Expense */,
				4C11C74028F6B28C002E4441 /* Next Expense wOS */,
				4C11C74528F6B28D002E4441 /* Next Expense wOS Watch App */,
			);
		};
/* End PBXProject section */

/* Begin PBXResourcesBuildPhase section */
		4C11C73F28F6B28C002E4441 /* Resources */ = {
			isa = PBXResourcesBuildPhase;
			buildActionMask = 2147483647;
			files = (
			);
			runOnlyForDeploymentPostprocessing = 0;
		};
		4C11C74428F6B28D002E4441 /* Resources */ = {
			isa = PBXResourcesBuildPhase;
			buildActionMask = 2147483647;
			files = (
				4C11C75328F6B28E002E4441 /* Preview Assets.xcassets in Resources */,
				4C11C75028F6B28E002E4441 /* Assets.xcassets in Resources */,
			);
			runOnlyForDeploymentPostprocessing = 0;
		};
		4CDF628C28DDEF1E0047C765 /* Resources */ = {
			isa = PBXResourcesBuildPhase;
			buildActionMask = 2147483647;
			files = (
				4CDF629928DDEF200047C765 /* Preview Assets.xcassets in Resources */,
				4CDF629628DDEF200047C765 /* Assets.xcassets in Resources */,
			);
			runOnlyForDeploymentPostprocessing = 0;
		};
/* End PBXResourcesBuildPhase section */

/* Begin PBXSourcesBuildPhase section */
		4C11C74228F6B28D002E4441 /* Sources */ = {
			isa = PBXSourcesBuildPhase;
			buildActionMask = 2147483647;
			files = (
				4C11C74E28F6B28D002E4441 /* ContentView.swift in Sources */,
				4C45070828F749A000D17558 /* Next_Expense_wOS.xcdatamodeld in Sources */,
				4C45070928F74AD500D17558 /* Persistence.swift in Sources */,
				4C11C74C28F6B28D002E4441 /* Next_Expense_wOSApp.swift in Sources */,
				4C11C76428F73B74002E4441 /* AddTransactionView.swift in Sources */,
				4C11C76928F74123002E4441 /* TransactionListView.swift in Sources */,
			);
			runOnlyForDeploymentPostprocessing = 0;
		};
		4CDF628A28DDEF1E0047C765 /* Sources */ = {
			isa = PBXSourcesBuildPhase;
			buildActionMask = 2147483647;
			files = (
				4CDF62AA28DDF0F60047C765 /* AccountListView.swift in Sources */,
				4C58617729141FEA009FD743 /* MiniReportingView.swift in Sources */,
				4CDF629B28DDEF200047C765 /* Persistence.swift in Sources */,
				4CDF62B628DE2FAB0047C765 /* CategoryListView.swift in Sources */,
				4CEDD45028F9A2960041BEEA /* ReportingView.swift in Sources */,
				4C586175291414A3009FD743 /* CategoryGroupListView.swift in Sources */,
				4CDF62BE28DE39D10047C765 /* AccountDetailView.swift in Sources */,
				4CE5B6E12916B03900E87B0D /* CSVExportView.swift in Sources */,
				4CDF62AC28DDF1010047C765 /* AddAccountView.swift in Sources */,
				4CDF629428DDEF1E0047C765 /* ContentView.swift in Sources */,
				4CC1DA6F29005CE6000DCA2F /* NumpadKeyView.swift in Sources */,
				4CEDD45428F9A4230041BEEA /* AddCategoryGroupView.swift in Sources */,
				4CDF62BA28DE31300047C765 /* AddCategoryView.swift in Sources */,
				4CDF629228DDEF1E0047C765 /* Next_ExpenseApp.swift in Sources */,
				4CDF62B028DDF7040047C765 /* AddTransactionView.swift in Sources */,
				4CDF62BC28DE35740047C765 /* CategoryView.swift in Sources */,
				4CC1DA6D29005C97000DCA2F /* NumpadView.swift in Sources */,
				4CDF62B228DE0EBD0047C765 /* AccountView.swift in Sources */,
				4CDF62AE28DDF6FD0047C765 /* TransactionListView.swift in Sources */,
				4CDF62B428DE1F960047C765 /* TransactionDetailView.swift in Sources */,
				4C88A01128FF6DEF00C4584C /* BudgetListView.swift in Sources */,
				4C5D482028FF550E0042693C /* PeriodListView.swift in Sources */,
				4CEDD45228F9A3380041BEEA /* CategoryGroupView.swift in Sources */,
				4C8CC6B5290771C60025F8D1 /* Extensions.swift in Sources */,
				4CDF629E28DDEF200047C765 /* Next_Expense.xcdatamodeld in Sources */,
				4C87060D28FD5587003CEAC0 /* CategoryGroupDetailView.swift in Sources */,
				4CDF62B828DE30CE0047C765 /* CategoryDetailView.swift in Sources */,
				4C87060B28FD5405003CEAC0 /* AddCategoryToGroupView.swift in Sources */,
			);
			runOnlyForDeploymentPostprocessing = 0;
		};
/* End PBXSourcesBuildPhase section */

/* Begin PBXTargetDependency section */
		4C11C74928F6B28D002E4441 /* PBXTargetDependency */ = {
			isa = PBXTargetDependency;
			target = 4C11C74528F6B28D002E4441 /* Next Expense wOS Watch App */;
			targetProxy = 4C11C74828F6B28D002E4441 /* PBXContainerItemProxy */;
		};
/* End PBXTargetDependency section */

/* Begin XCBuildConfiguration section */
		4C11C75428F6B28E002E4441 /* Debug */ = {
			isa = XCBuildConfiguration;
			buildSettings = {
				ALWAYS_EMBED_SWIFT_STANDARD_LIBRARIES = YES;
				CODE_SIGN_STYLE = Automatic;
				CURRENT_PROJECT_VERSION = 1;
				DEVELOPMENT_TEAM = VWCW8YMM6Y;
				INFOPLIST_KEY_CFBundleDisplayName = "Next Expense wOS";
				MARKETING_VERSION = 1.0;
				PRODUCT_BUNDLE_IDENTIFIER = "Transformia.Next-Expense-wOS";
				PRODUCT_NAME = "$(TARGET_NAME)";
				SWIFT_VERSION = 5.0;
			};
			name = Debug;
		};
		4C11C75528F6B28E002E4441 /* Release */ = {
			isa = XCBuildConfiguration;
			buildSettings = {
				ALWAYS_EMBED_SWIFT_STANDARD_LIBRARIES = YES;
				CODE_SIGN_STYLE = Automatic;
				CURRENT_PROJECT_VERSION = 1;
				DEVELOPMENT_TEAM = VWCW8YMM6Y;
				INFOPLIST_KEY_CFBundleDisplayName = "Next Expense wOS";
				MARKETING_VERSION = 1.0;
				PRODUCT_BUNDLE_IDENTIFIER = "Transformia.Next-Expense-wOS";
				PRODUCT_NAME = "$(TARGET_NAME)";
				SWIFT_VERSION = 5.0;
			};
			name = Release;
		};
		4C11C75728F6B28E002E4441 /* Debug */ = {
			isa = XCBuildConfiguration;
			buildSettings = {
				ASSETCATALOG_COMPILER_APPICON_NAME = AppIcon;
				ASSETCATALOG_COMPILER_GLOBAL_ACCENT_COLOR_NAME = AccentColor;
				CODE_SIGN_ENTITLEMENTS = "Next Expense wOS Watch App/Next Expense wOS Watch App.entitlements";
				CODE_SIGN_STYLE = Automatic;
				CURRENT_PROJECT_VERSION = 1;
				DEVELOPMENT_ASSET_PATHS = "\"Next Expense wOS Watch App/Preview Content\"";
				DEVELOPMENT_TEAM = VWCW8YMM6Y;
				ENABLE_PREVIEWS = YES;
				GENERATE_INFOPLIST_FILE = YES;
				INFOPLIST_FILE = "Next-Expense-wOS-Watch-App-Info.plist";
				INFOPLIST_KEY_CFBundleDisplayName = "Next Expense wOS";
				INFOPLIST_KEY_UISupportedInterfaceOrientations = "UIInterfaceOrientationPortrait UIInterfaceOrientationPortraitUpsideDown";
				INFOPLIST_KEY_WKWatchOnly = YES;
				LD_RUNPATH_SEARCH_PATHS = (
					"$(inherited)",
					"@executable_path/Frameworks",
				);
				MARKETING_VERSION = 1.0;
				PRODUCT_BUNDLE_IDENTIFIER = "Transformia.Next-Expense-wOS.watchkitapp";
				PRODUCT_NAME = "$(TARGET_NAME)";
				SDKROOT = watchos;
				SKIP_INSTALL = YES;
				SWIFT_EMIT_LOC_STRINGS = YES;
				SWIFT_VERSION = 5.0;
				TARGETED_DEVICE_FAMILY = 4;
				WATCHOS_DEPLOYMENT_TARGET = 9.0;
			};
			name = Debug;
		};
		4C11C75828F6B28E002E4441 /* Release */ = {
			isa = XCBuildConfiguration;
			buildSettings = {
				ASSETCATALOG_COMPILER_APPICON_NAME = AppIcon;
				ASSETCATALOG_COMPILER_GLOBAL_ACCENT_COLOR_NAME = AccentColor;
				CODE_SIGN_ENTITLEMENTS = "Next Expense wOS Watch App/Next Expense wOS Watch App.entitlements";
				CODE_SIGN_STYLE = Automatic;
				CURRENT_PROJECT_VERSION = 1;
				DEVELOPMENT_ASSET_PATHS = "\"Next Expense wOS Watch App/Preview Content\"";
				DEVELOPMENT_TEAM = VWCW8YMM6Y;
				ENABLE_PREVIEWS = YES;
				GENERATE_INFOPLIST_FILE = YES;
				INFOPLIST_FILE = "Next-Expense-wOS-Watch-App-Info.plist";
				INFOPLIST_KEY_CFBundleDisplayName = "Next Expense wOS";
				INFOPLIST_KEY_UISupportedInterfaceOrientations = "UIInterfaceOrientationPortrait UIInterfaceOrientationPortraitUpsideDown";
				INFOPLIST_KEY_WKWatchOnly = YES;
				LD_RUNPATH_SEARCH_PATHS = (
					"$(inherited)",
					"@executable_path/Frameworks",
				);
				MARKETING_VERSION = 1.0;
				PRODUCT_BUNDLE_IDENTIFIER = "Transformia.Next-Expense-wOS.watchkitapp";
				PRODUCT_NAME = "$(TARGET_NAME)";
				SDKROOT = watchos;
				SKIP_INSTALL = YES;
				SWIFT_EMIT_LOC_STRINGS = YES;
				SWIFT_VERSION = 5.0;
				TARGETED_DEVICE_FAMILY = 4;
				WATCHOS_DEPLOYMENT_TARGET = 9.0;
			};
			name = Release;
		};
		4CDF62A028DDEF200047C765 /* Debug */ = {
			isa = XCBuildConfiguration;
			buildSettings = {
				ALWAYS_SEARCH_USER_PATHS = NO;
				CLANG_ANALYZER_NONNULL = YES;
				CLANG_ANALYZER_NUMBER_OBJECT_CONVERSION = YES_AGGRESSIVE;
				CLANG_CXX_LANGUAGE_STANDARD = "gnu++20";
				CLANG_ENABLE_MODULES = YES;
				CLANG_ENABLE_OBJC_ARC = YES;
				CLANG_ENABLE_OBJC_WEAK = YES;
				CLANG_WARN_BLOCK_CAPTURE_AUTORELEASING = YES;
				CLANG_WARN_BOOL_CONVERSION = YES;
				CLANG_WARN_COMMA = YES;
				CLANG_WARN_CONSTANT_CONVERSION = YES;
				CLANG_WARN_DEPRECATED_OBJC_IMPLEMENTATIONS = YES;
				CLANG_WARN_DIRECT_OBJC_ISA_USAGE = YES_ERROR;
				CLANG_WARN_DOCUMENTATION_COMMENTS = YES;
				CLANG_WARN_EMPTY_BODY = YES;
				CLANG_WARN_ENUM_CONVERSION = YES;
				CLANG_WARN_INFINITE_RECURSION = YES;
				CLANG_WARN_INT_CONVERSION = YES;
				CLANG_WARN_NON_LITERAL_NULL_CONVERSION = YES;
				CLANG_WARN_OBJC_IMPLICIT_RETAIN_SELF = YES;
				CLANG_WARN_OBJC_LITERAL_CONVERSION = YES;
				CLANG_WARN_OBJC_ROOT_CLASS = YES_ERROR;
				CLANG_WARN_QUOTED_INCLUDE_IN_FRAMEWORK_HEADER = YES;
				CLANG_WARN_RANGE_LOOP_ANALYSIS = YES;
				CLANG_WARN_STRICT_PROTOTYPES = YES;
				CLANG_WARN_SUSPICIOUS_MOVE = YES;
				CLANG_WARN_UNGUARDED_AVAILABILITY = YES_AGGRESSIVE;
				CLANG_WARN_UNREACHABLE_CODE = YES;
				CLANG_WARN__DUPLICATE_METHOD_MATCH = YES;
				COPY_PHASE_STRIP = NO;
				DEBUG_INFORMATION_FORMAT = dwarf;
				ENABLE_STRICT_OBJC_MSGSEND = YES;
				ENABLE_TESTABILITY = YES;
				GCC_C_LANGUAGE_STANDARD = gnu11;
				GCC_DYNAMIC_NO_PIC = NO;
				GCC_NO_COMMON_BLOCKS = YES;
				GCC_OPTIMIZATION_LEVEL = 0;
				GCC_PREPROCESSOR_DEFINITIONS = (
					"DEBUG=1",
					"$(inherited)",
				);
				GCC_WARN_64_TO_32_BIT_CONVERSION = YES;
				GCC_WARN_ABOUT_RETURN_TYPE = YES_ERROR;
				GCC_WARN_UNDECLARED_SELECTOR = YES;
				GCC_WARN_UNINITIALIZED_AUTOS = YES_AGGRESSIVE;
				GCC_WARN_UNUSED_FUNCTION = YES;
				GCC_WARN_UNUSED_VARIABLE = YES;
				IPHONEOS_DEPLOYMENT_TARGET = 16.0;
				MTL_ENABLE_DEBUG_INFO = INCLUDE_SOURCE;
				MTL_FAST_MATH = YES;
				ONLY_ACTIVE_ARCH = YES;
				SDKROOT = iphoneos;
				SWIFT_ACTIVE_COMPILATION_CONDITIONS = DEBUG;
				SWIFT_OPTIMIZATION_LEVEL = "-Onone";
			};
			name = Debug;
		};
		4CDF62A128DDEF200047C765 /* Release */ = {
			isa = XCBuildConfiguration;
			buildSettings = {
				ALWAYS_SEARCH_USER_PATHS = NO;
				CLANG_ANALYZER_NONNULL = YES;
				CLANG_ANALYZER_NUMBER_OBJECT_CONVERSION = YES_AGGRESSIVE;
				CLANG_CXX_LANGUAGE_STANDARD = "gnu++20";
				CLANG_ENABLE_MODULES = YES;
				CLANG_ENABLE_OBJC_ARC = YES;
				CLANG_ENABLE_OBJC_WEAK = YES;
				CLANG_WARN_BLOCK_CAPTURE_AUTORELEASING = YES;
				CLANG_WARN_BOOL_CONVERSION = YES;
				CLANG_WARN_COMMA = YES;
				CLANG_WARN_CONSTANT_CONVERSION = YES;
				CLANG_WARN_DEPRECATED_OBJC_IMPLEMENTATIONS = YES;
				CLANG_WARN_DIRECT_OBJC_ISA_USAGE = YES_ERROR;
				CLANG_WARN_DOCUMENTATION_COMMENTS = YES;
				CLANG_WARN_EMPTY_BODY = YES;
				CLANG_WARN_ENUM_CONVERSION = YES;
				CLANG_WARN_INFINITE_RECURSION = YES;
				CLANG_WARN_INT_CONVERSION = YES;
				CLANG_WARN_NON_LITERAL_NULL_CONVERSION = YES;
				CLANG_WARN_OBJC_IMPLICIT_RETAIN_SELF = YES;
				CLANG_WARN_OBJC_LITERAL_CONVERSION = YES;
				CLANG_WARN_OBJC_ROOT_CLASS = YES_ERROR;
				CLANG_WARN_QUOTED_INCLUDE_IN_FRAMEWORK_HEADER = YES;
				CLANG_WARN_RANGE_LOOP_ANALYSIS = YES;
				CLANG_WARN_STRICT_PROTOTYPES = YES;
				CLANG_WARN_SUSPICIOUS_MOVE = YES;
				CLANG_WARN_UNGUARDED_AVAILABILITY = YES_AGGRESSIVE;
				CLANG_WARN_UNREACHABLE_CODE = YES;
				CLANG_WARN__DUPLICATE_METHOD_MATCH = YES;
				COPY_PHASE_STRIP = NO;
				DEBUG_INFORMATION_FORMAT = "dwarf-with-dsym";
				ENABLE_NS_ASSERTIONS = NO;
				ENABLE_STRICT_OBJC_MSGSEND = YES;
				GCC_C_LANGUAGE_STANDARD = gnu11;
				GCC_NO_COMMON_BLOCKS = YES;
				GCC_WARN_64_TO_32_BIT_CONVERSION = YES;
				GCC_WARN_ABOUT_RETURN_TYPE = YES_ERROR;
				GCC_WARN_UNDECLARED_SELECTOR = YES;
				GCC_WARN_UNINITIALIZED_AUTOS = YES_AGGRESSIVE;
				GCC_WARN_UNUSED_FUNCTION = YES;
				GCC_WARN_UNUSED_VARIABLE = YES;
				IPHONEOS_DEPLOYMENT_TARGET = 16.0;
				MTL_ENABLE_DEBUG_INFO = NO;
				MTL_FAST_MATH = YES;
				SDKROOT = iphoneos;
				SWIFT_COMPILATION_MODE = wholemodule;
				SWIFT_OPTIMIZATION_LEVEL = "-O";
				VALIDATE_PRODUCT = YES;
			};
			name = Release;
		};
		4CDF62A328DDEF200047C765 /* Debug */ = {
			isa = XCBuildConfiguration;
			buildSettings = {
				ASSETCATALOG_COMPILER_APPICON_NAME = AppIcon;
				ASSETCATALOG_COMPILER_GLOBAL_ACCENT_COLOR_NAME = AccentColor;
				CODE_SIGN_ENTITLEMENTS = "Next Expense/Next Expense.entitlements";
				CODE_SIGN_STYLE = Automatic;
				CURRENT_PROJECT_VERSION = 1;
				DEVELOPMENT_ASSET_PATHS = "\"Next Expense/Preview Content\"";
				DEVELOPMENT_TEAM = VWCW8YMM6Y;
				ENABLE_PREVIEWS = YES;
				GENERATE_INFOPLIST_FILE = YES;
				INFOPLIST_KEY_UIApplicationSceneManifest_Generation = YES;
				INFOPLIST_KEY_UIApplicationSupportsIndirectInputEvents = YES;
				INFOPLIST_KEY_UILaunchScreen_Generation = YES;
				INFOPLIST_KEY_UISupportedInterfaceOrientations_iPad = "UIInterfaceOrientationPortrait UIInterfaceOrientationPortraitUpsideDown UIInterfaceOrientationLandscapeLeft UIInterfaceOrientationLandscapeRight";
				INFOPLIST_KEY_UISupportedInterfaceOrientations_iPhone = "UIInterfaceOrientationPortrait UIInterfaceOrientationLandscapeLeft UIInterfaceOrientationLandscapeRight";
				LD_RUNPATH_SEARCH_PATHS = (
					"$(inherited)",
					"@executable_path/Frameworks",
				);
				MARKETING_VERSION = 1.0;
				PRODUCT_BUNDLE_IDENTIFIER = "Transformia.Next-Expense";
				PRODUCT_NAME = "$(TARGET_NAME)";
				SWIFT_EMIT_LOC_STRINGS = YES;
				SWIFT_VERSION = 5.0;
				TARGETED_DEVICE_FAMILY = "1,2";
			};
			name = Debug;
		};
		4CDF62A428DDEF200047C765 /* Release */ = {
			isa = XCBuildConfiguration;
			buildSettings = {
				ASSETCATALOG_COMPILER_APPICON_NAME = AppIcon;
				ASSETCATALOG_COMPILER_GLOBAL_ACCENT_COLOR_NAME = AccentColor;
				CODE_SIGN_ENTITLEMENTS = "Next Expense/Next Expense.entitlements";
				CODE_SIGN_STYLE = Automatic;
				CURRENT_PROJECT_VERSION = 1;
				DEVELOPMENT_ASSET_PATHS = "\"Next Expense/Preview Content\"";
				DEVELOPMENT_TEAM = VWCW8YMM6Y;
				ENABLE_PREVIEWS = YES;
				GENERATE_INFOPLIST_FILE = YES;
				INFOPLIST_KEY_UIApplicationSceneManifest_Generation = YES;
				INFOPLIST_KEY_UIApplicationSupportsIndirectInputEvents = YES;
				INFOPLIST_KEY_UILaunchScreen_Generation = YES;
				INFOPLIST_KEY_UISupportedInterfaceOrientations_iPad = "UIInterfaceOrientationPortrait UIInterfaceOrientationPortraitUpsideDown UIInterfaceOrientationLandscapeLeft UIInterfaceOrientationLandscapeRight";
				INFOPLIST_KEY_UISupportedInterfaceOrientations_iPhone = "UIInterfaceOrientationPortrait UIInterfaceOrientationLandscapeLeft UIInterfaceOrientationLandscapeRight";
				LD_RUNPATH_SEARCH_PATHS = (
					"$(inherited)",
					"@executable_path/Frameworks",
				);
				MARKETING_VERSION = 1.0;
				PRODUCT_BUNDLE_IDENTIFIER = "Transformia.Next-Expense";
				PRODUCT_NAME = "$(TARGET_NAME)";
				SWIFT_EMIT_LOC_STRINGS = YES;
				SWIFT_VERSION = 5.0;
				TARGETED_DEVICE_FAMILY = "1,2";
			};
			name = Release;
		};
/* End XCBuildConfiguration section */

/* Begin XCConfigurationList section */
		4C11C75928F6B28E002E4441 /* Build configuration list for PBXNativeTarget "Next Expense wOS Watch App" */ = {
			isa = XCConfigurationList;
			buildConfigurations = (
				4C11C75728F6B28E002E4441 /* Debug */,
				4C11C75828F6B28E002E4441 /* Release */,
			);
			defaultConfigurationIsVisible = 0;
			defaultConfigurationName = Release;
		};
		4C11C75A28F6B28E002E4441 /* Build configuration list for PBXNativeTarget "Next Expense wOS" */ = {
			isa = XCConfigurationList;
			buildConfigurations = (
				4C11C75428F6B28E002E4441 /* Debug */,
				4C11C75528F6B28E002E4441 /* Release */,
			);
			defaultConfigurationIsVisible = 0;
			defaultConfigurationName = Release;
		};
		4CDF628928DDEF1E0047C765 /* Build configuration list for PBXProject "Next Expense" */ = {
			isa = XCConfigurationList;
			buildConfigurations = (
				4CDF62A028DDEF200047C765 /* Debug */,
				4CDF62A128DDEF200047C765 /* Release */,
			);
			defaultConfigurationIsVisible = 0;
			defaultConfigurationName = Release;
		};
		4CDF62A228DDEF200047C765 /* Build configuration list for PBXNativeTarget "Next Expense" */ = {
			isa = XCConfigurationList;
			buildConfigurations = (
				4CDF62A328DDEF200047C765 /* Debug */,
				4CDF62A428DDEF200047C765 /* Release */,
			);
			defaultConfigurationIsVisible = 0;
			defaultConfigurationName = Release;
		};
/* End XCConfigurationList section */

/* Begin XCVersionGroup section */
		4C45070628F749A000D17558 /* Next_Expense_wOS.xcdatamodeld */ = {
			isa = XCVersionGroup;
			children = (
				4C45070728F749A000D17558 /* Next_Expense_wOS.xcdatamodel */,
			);
			currentVersion = 4C45070728F749A000D17558 /* Next_Expense_wOS.xcdatamodel */;
			path = Next_Expense_wOS.xcdatamodeld;
			sourceTree = "<group>";
			versionGroupType = wrapper.xcdatamodel;
		};
		4CDF629C28DDEF200047C765 /* Next_Expense.xcdatamodeld */ = {
			isa = XCVersionGroup;
			children = (
				4CDF629D28DDEF200047C765 /* Next_Expense.xcdatamodel */,
			);
			currentVersion = 4CDF629D28DDEF200047C765 /* Next_Expense.xcdatamodel */;
			path = Next_Expense.xcdatamodeld;
			sourceTree = "<group>";
			versionGroupType = wrapper.xcdatamodel;
		};
/* End XCVersionGroup section */
	};
	rootObject = 4CDF628628DDEF1E0047C765 /* Project object */;
}
