// !$*UTF8*$!
{
	archiveVersion = 1;
	classes = {
	};
	objectVersion = 56;
	objects = {

/* Begin PBXBuildFile section */
		4CDF629228DDEF1E0047C765 /* Next_ExpenseApp.swift in Sources */ = {isa = PBXBuildFile; fileRef = 4CDF629128DDEF1E0047C765 /* Next_ExpenseApp.swift */; };
		4CDF629428DDEF1E0047C765 /* ContentView.swift in Sources */ = {isa = PBXBuildFile; fileRef = 4CDF629328DDEF1E0047C765 /* ContentView.swift */; };
		4CDF629628DDEF200047C765 /* Assets.xcassets in Resources */ = {isa = PBXBuildFile; fileRef = 4CDF629528DDEF200047C765 /* Assets.xcassets */; };
		4CDF629928DDEF200047C765 /* Preview Assets.xcassets in Resources */ = {isa = PBXBuildFile; fileRef = 4CDF629828DDEF200047C765 /* Preview Assets.xcassets */; };
		4CDF629B28DDEF200047C765 /* Persistence.swift in Sources */ = {isa = PBXBuildFile; fileRef = 4CDF629A28DDEF200047C765 /* Persistence.swift */; };
		4CDF629E28DDEF200047C765 /* Next_Expense.xcdatamodeld in Sources */ = {isa = PBXBuildFile; fileRef = 4CDF629C28DDEF200047C765 /* Next_Expense.xcdatamodeld */; };
		4CDF62AA28DDF0F60047C765 /* AccountListView.swift in Sources */ = {isa = PBXBuildFile; fileRef = 4CDF62A928DDF0F60047C765 /* AccountListView.swift */; };
		4CDF62AC28DDF1010047C765 /* AddAccountView.swift in Sources */ = {isa = PBXBuildFile; fileRef = 4CDF62AB28DDF1010047C765 /* AddAccountView.swift */; };
		4CDF62AE28DDF6FD0047C765 /* TransactionListView.swift in Sources */ = {isa = PBXBuildFile; fileRef = 4CDF62AD28DDF6FD0047C765 /* TransactionListView.swift */; };
		4CDF62B028DDF7040047C765 /* AddTransactionView.swift in Sources */ = {isa = PBXBuildFile; fileRef = 4CDF62AF28DDF7040047C765 /* AddTransactionView.swift */; };
		4CDF62B228DE0EBD0047C765 /* AccountView.swift in Sources */ = {isa = PBXBuildFile; fileRef = 4CDF62B128DE0EBD0047C765 /* AccountView.swift */; };
		4CDF62B428DE1F960047C765 /* TransactionDetailView.swift in Sources */ = {isa = PBXBuildFile; fileRef = 4CDF62B328DE1F960047C765 /* TransactionDetailView.swift */; };
		4CDF62B628DE2FAB0047C765 /* CategoryListView.swift in Sources */ = {isa = PBXBuildFile; fileRef = 4CDF62B528DE2FAB0047C765 /* CategoryListView.swift */; };
		4CDF62B828DE30CE0047C765 /* CategoryDetailView.swift in Sources */ = {isa = PBXBuildFile; fileRef = 4CDF62B728DE30CE0047C765 /* CategoryDetailView.swift */; };
		4CDF62BA28DE31300047C765 /* AddCategoryView.swift in Sources */ = {isa = PBXBuildFile; fileRef = 4CDF62B928DE31300047C765 /* AddCategoryView.swift */; };
		4CDF62BC28DE35740047C765 /* CategoryView.swift in Sources */ = {isa = PBXBuildFile; fileRef = 4CDF62BB28DE35740047C765 /* CategoryView.swift */; };
		4CDF62BE28DE39D10047C765 /* AccountDetailView.swift in Sources */ = {isa = PBXBuildFile; fileRef = 4CDF62BD28DE39D10047C765 /* AccountDetailView.swift */; };
/* End PBXBuildFile section */

/* Begin PBXFileReference section */
		4CDF628E28DDEF1E0047C765 /* Next Expense.app */ = {isa = PBXFileReference; explicitFileType = wrapper.application; includeInIndex = 0; path = "Next Expense.app"; sourceTree = BUILT_PRODUCTS_DIR; };
		4CDF629128DDEF1E0047C765 /* Next_ExpenseApp.swift */ = {isa = PBXFileReference; lastKnownFileType = sourcecode.swift; path = Next_ExpenseApp.swift; sourceTree = "<group>"; };
		4CDF629328DDEF1E0047C765 /* ContentView.swift */ = {isa = PBXFileReference; lastKnownFileType = sourcecode.swift; path = ContentView.swift; sourceTree = "<group>"; };
		4CDF629528DDEF200047C765 /* Assets.xcassets */ = {isa = PBXFileReference; lastKnownFileType = folder.assetcatalog; path = Assets.xcassets; sourceTree = "<group>"; };
		4CDF629828DDEF200047C765 /* Preview Assets.xcassets */ = {isa = PBXFileReference; lastKnownFileType = folder.assetcatalog; path = "Preview Assets.xcassets"; sourceTree = "<group>"; };
		4CDF629A28DDEF200047C765 /* Persistence.swift */ = {isa = PBXFileReference; lastKnownFileType = sourcecode.swift; path = Persistence.swift; sourceTree = "<group>"; };
		4CDF629D28DDEF200047C765 /* Next_Expense.xcdatamodel */ = {isa = PBXFileReference; lastKnownFileType = wrapper.xcdatamodel; path = Next_Expense.xcdatamodel; sourceTree = "<group>"; };
		4CDF629F28DDEF200047C765 /* Info.plist */ = {isa = PBXFileReference; lastKnownFileType = text.plist.xml; path = Info.plist; sourceTree = "<group>"; };
		4CDF62A928DDF0F60047C765 /* AccountListView.swift */ = {isa = PBXFileReference; lastKnownFileType = sourcecode.swift; path = AccountListView.swift; sourceTree = "<group>"; };
		4CDF62AB28DDF1010047C765 /* AddAccountView.swift */ = {isa = PBXFileReference; lastKnownFileType = sourcecode.swift; path = AddAccountView.swift; sourceTree = "<group>"; };
		4CDF62AD28DDF6FD0047C765 /* TransactionListView.swift */ = {isa = PBXFileReference; lastKnownFileType = sourcecode.swift; path = TransactionListView.swift; sourceTree = "<group>"; };
		4CDF62AF28DDF7040047C765 /* AddTransactionView.swift */ = {isa = PBXFileReference; lastKnownFileType = sourcecode.swift; path = AddTransactionView.swift; sourceTree = "<group>"; };
		4CDF62B128DE0EBD0047C765 /* AccountView.swift */ = {isa = PBXFileReference; lastKnownFileType = sourcecode.swift; path = AccountView.swift; sourceTree = "<group>"; };
		4CDF62B328DE1F960047C765 /* TransactionDetailView.swift */ = {isa = PBXFileReference; lastKnownFileType = sourcecode.swift; path = TransactionDetailView.swift; sourceTree = "<group>"; };
		4CDF62B528DE2FAB0047C765 /* CategoryListView.swift */ = {isa = PBXFileReference; lastKnownFileType = sourcecode.swift; path = CategoryListView.swift; sourceTree = "<group>"; };
		4CDF62B728DE30CE0047C765 /* CategoryDetailView.swift */ = {isa = PBXFileReference; lastKnownFileType = sourcecode.swift; path = CategoryDetailView.swift; sourceTree = "<group>"; };
		4CDF62B928DE31300047C765 /* AddCategoryView.swift */ = {isa = PBXFileReference; lastKnownFileType = sourcecode.swift; path = AddCategoryView.swift; sourceTree = "<group>"; };
		4CDF62BB28DE35740047C765 /* CategoryView.swift */ = {isa = PBXFileReference; lastKnownFileType = sourcecode.swift; path = CategoryView.swift; sourceTree = "<group>"; };
		4CDF62BD28DE39D10047C765 /* AccountDetailView.swift */ = {isa = PBXFileReference; lastKnownFileType = sourcecode.swift; path = AccountDetailView.swift; sourceTree = "<group>"; };
/* End PBXFileReference section */

/* Begin PBXFrameworksBuildPhase section */
		4CDF628B28DDEF1E0047C765 /* Frameworks */ = {
			isa = PBXFrameworksBuildPhase;
			buildActionMask = 2147483647;
			files = (
			);
			runOnlyForDeploymentPostprocessing = 0;
		};
/* End PBXFrameworksBuildPhase section */

/* Begin PBXGroup section */
		4CDF628528DDEF1E0047C765 = {
			isa = PBXGroup;
			children = (
				4CDF629028DDEF1E0047C765 /* Next Expense */,
				4CDF628F28DDEF1E0047C765 /* Products */,
			);
			sourceTree = "<group>";
		};
		4CDF628F28DDEF1E0047C765 /* Products */ = {
			isa = PBXGroup;
			children = (
				4CDF628E28DDEF1E0047C765 /* Next Expense.app */,
			);
			name = Products;
			sourceTree = "<group>";
		};
		4CDF629028DDEF1E0047C765 /* Next Expense */ = {
			isa = PBXGroup;
			children = (
				4CDF62A528DDEF4C0047C765 /* Core data */,
				4CDF629128DDEF1E0047C765 /* Next_ExpenseApp.swift */,
				4CDF629328DDEF1E0047C765 /* ContentView.swift */,
				4CDF62B528DE2FAB0047C765 /* CategoryListView.swift */,
				4CDF62BB28DE35740047C765 /* CategoryView.swift */,
				4CDF62B728DE30CE0047C765 /* CategoryDetailView.swift */,
				4CDF62B928DE31300047C765 /* AddCategoryView.swift */,
				4CDF62A928DDF0F60047C765 /* AccountListView.swift */,
				4CDF62B128DE0EBD0047C765 /* AccountView.swift */,
				4CDF62BD28DE39D10047C765 /* AccountDetailView.swift */,
				4CDF62AB28DDF1010047C765 /* AddAccountView.swift */,
				4CDF62AD28DDF6FD0047C765 /* TransactionListView.swift */,
				4CDF62B328DE1F960047C765 /* TransactionDetailView.swift */,
				4CDF62AF28DDF7040047C765 /* AddTransactionView.swift */,
				4CDF62A628DDF0030047C765 /* Accounts */,
				4CDF629528DDEF200047C765 /* Assets.xcassets */,
				4CDF629F28DDEF200047C765 /* Info.plist */,
				4CDF629728DDEF200047C765 /* Preview Content */,
			);
			path = "Next Expense";
			sourceTree = "<group>";
		};
		4CDF629728DDEF200047C765 /* Preview Content */ = {
			isa = PBXGroup;
			children = (
				4CDF629828DDEF200047C765 /* Preview Assets.xcassets */,
			);
			path = "Preview Content";
			sourceTree = "<group>";
		};
		4CDF62A528DDEF4C0047C765 /* Core data */ = {
			isa = PBXGroup;
			children = (
				4CDF629A28DDEF200047C765 /* Persistence.swift */,
				4CDF629C28DDEF200047C765 /* Next_Expense.xcdatamodeld */,
			);
			path = "Core data";
			sourceTree = "<group>";
		};
		4CDF62A628DDF0030047C765 /* Accounts */ = {
			isa = PBXGroup;
			children = (
			);
			path = Accounts;
			sourceTree = "<group>";
		};
/* End PBXGroup section */

/* Begin PBXNativeTarget section */
		4CDF628D28DDEF1E0047C765 /* Next Expense */ = {
			isa = PBXNativeTarget;
			buildConfigurationList = 4CDF62A228DDEF200047C765 /* Build configuration list for PBXNativeTarget "Next Expense" */;
			buildPhases = (
				4CDF628A28DDEF1E0047C765 /* Sources */,
				4CDF628B28DDEF1E0047C765 /* Frameworks */,
				4CDF628C28DDEF1E0047C765 /* Resources */,
			);
			buildRules = (
			);
			dependencies = (
			);
			name = "Next Expense";
			productName = "Next Expense";
			productReference = 4CDF628E28DDEF1E0047C765 /* Next Expense.app */;
			productType = "com.apple.product-type.application";
		};
/* End PBXNativeTarget section */

/* Begin PBXProject section */
		4CDF628628DDEF1E0047C765 /* Project object */ = {
			isa = PBXProject;
			attributes = {
				BuildIndependentTargetsInParallel = 1;
				LastSwiftUpdateCheck = 1400;
				LastUpgradeCheck = 1400;
				TargetAttributes = {
					4CDF628D28DDEF1E0047C765 = {
						CreatedOnToolsVersion = 14.0;
					};
				};
			};
			buildConfigurationList = 4CDF628928DDEF1E0047C765 /* Build configuration list for PBXProject "Next Expense" */;
			compatibilityVersion = "Xcode 14.0";
			developmentRegion = en;
			hasScannedForEncodings = 0;
			knownRegions = (
				en,
				Base,
			);
			mainGroup = 4CDF628528DDEF1E0047C765;
			productRefGroup = 4CDF628F28DDEF1E0047C765 /* Products */;
			projectDirPath = "";
			projectRoot = "";
			targets = (
				4CDF628D28DDEF1E0047C765 /* Next Expense */,
			);
		};
/* End PBXProject section */

/* Begin PBXResourcesBuildPhase section */
		4CDF628C28DDEF1E0047C765 /* Resources */ = {
			isa = PBXResourcesBuildPhase;
			buildActionMask = 2147483647;
			files = (
				4CDF629928DDEF200047C765 /* Preview Assets.xcassets in Resources */,
				4CDF629628DDEF200047C765 /* Assets.xcassets in Resources */,
			);
			runOnlyForDeploymentPostprocessing = 0;
		};
/* End PBXResourcesBuildPhase section */

/* Begin PBXSourcesBuildPhase section */
		4CDF628A28DDEF1E0047C765 /* Sources */ = {
			isa = PBXSourcesBuildPhase;
			buildActionMask = 2147483647;
			files = (
				4CDF62AA28DDF0F60047C765 /* AccountListView.swift in Sources */,
				4CDF629B28DDEF200047C765 /* Persistence.swift in Sources */,
				4CDF62B628DE2FAB0047C765 /* CategoryListView.swift in Sources */,
				4CDF62BE28DE39D10047C765 /* AccountDetailView.swift in Sources */,
				4CDF62AC28DDF1010047C765 /* AddAccountView.swift in Sources */,
				4CDF629428DDEF1E0047C765 /* ContentView.swift in Sources */,
				4CDF62BA28DE31300047C765 /* AddCategoryView.swift in Sources */,
				4CDF629228DDEF1E0047C765 /* Next_ExpenseApp.swift in Sources */,
				4CDF62B028DDF7040047C765 /* AddTransactionView.swift in Sources */,
				4CDF62BC28DE35740047C765 /* CategoryView.swift in Sources */,
				4CDF62B228DE0EBD0047C765 /* AccountView.swift in Sources */,
				4CDF62AE28DDF6FD0047C765 /* TransactionListView.swift in Sources */,
				4CDF62B428DE1F960047C765 /* TransactionDetailView.swift in Sources */,
				4CDF629E28DDEF200047C765 /* Next_Expense.xcdatamodeld in Sources */,
				4CDF62B828DE30CE0047C765 /* CategoryDetailView.swift in Sources */,
			);
			runOnlyForDeploymentPostprocessing = 0;
		};
/* End PBXSourcesBuildPhase section */

/* Begin XCBuildConfiguration section */
		4CDF62A028DDEF200047C765 /* Debug */ = {
			isa = XCBuildConfiguration;
			buildSettings = {
				ALWAYS_SEARCH_USER_PATHS = NO;
				CLANG_ANALYZER_NONNULL = YES;
				CLANG_ANALYZER_NUMBER_OBJECT_CONVERSION = YES_AGGRESSIVE;
				CLANG_CXX_LANGUAGE_STANDARD = "gnu++20";
				CLANG_ENABLE_MODULES = YES;
				CLANG_ENABLE_OBJC_ARC = YES;
				CLANG_ENABLE_OBJC_WEAK = YES;
				CLANG_WARN_BLOCK_CAPTURE_AUTORELEASING = YES;
				CLANG_WARN_BOOL_CONVERSION = YES;
				CLANG_WARN_COMMA = YES;
				CLANG_WARN_CONSTANT_CONVERSION = YES;
				CLANG_WARN_DEPRECATED_OBJC_IMPLEMENTATIONS = YES;
				CLANG_WARN_DIRECT_OBJC_ISA_USAGE = YES_ERROR;
				CLANG_WARN_DOCUMENTATION_COMMENTS = YES;
				CLANG_WARN_EMPTY_BODY = YES;
				CLANG_WARN_ENUM_CONVERSION = YES;
				CLANG_WARN_INFINITE_RECURSION = YES;
				CLANG_WARN_INT_CONVERSION = YES;
				CLANG_WARN_NON_LITERAL_NULL_CONVERSION = YES;
				CLANG_WARN_OBJC_IMPLICIT_RETAIN_SELF = YES;
				CLANG_WARN_OBJC_LITERAL_CONVERSION = YES;
				CLANG_WARN_OBJC_ROOT_CLASS = YES_ERROR;
				CLANG_WARN_QUOTED_INCLUDE_IN_FRAMEWORK_HEADER = YES;
				CLANG_WARN_RANGE_LOOP_ANALYSIS = YES;
				CLANG_WARN_STRICT_PROTOTYPES = YES;
				CLANG_WARN_SUSPICIOUS_MOVE = YES;
				CLANG_WARN_UNGUARDED_AVAILABILITY = YES_AGGRESSIVE;
				CLANG_WARN_UNREACHABLE_CODE = YES;
				CLANG_WARN__DUPLICATE_METHOD_MATCH = YES;
				COPY_PHASE_STRIP = NO;
				DEBUG_INFORMATION_FORMAT = dwarf;
				ENABLE_STRICT_OBJC_MSGSEND = YES;
				ENABLE_TESTABILITY = YES;
				GCC_C_LANGUAGE_STANDARD = gnu11;
				GCC_DYNAMIC_NO_PIC = NO;
				GCC_NO_COMMON_BLOCKS = YES;
				GCC_OPTIMIZATION_LEVEL = 0;
				GCC_PREPROCESSOR_DEFINITIONS = (
					"DEBUG=1",
					"$(inherited)",
				);
				GCC_WARN_64_TO_32_BIT_CONVERSION = YES;
				GCC_WARN_ABOUT_RETURN_TYPE = YES_ERROR;
				GCC_WARN_UNDECLARED_SELECTOR = YES;
				GCC_WARN_UNINITIALIZED_AUTOS = YES_AGGRESSIVE;
				GCC_WARN_UNUSED_FUNCTION = YES;
				GCC_WARN_UNUSED_VARIABLE = YES;
				IPHONEOS_DEPLOYMENT_TARGET = 16.0;
				MTL_ENABLE_DEBUG_INFO = INCLUDE_SOURCE;
				MTL_FAST_MATH = YES;
				ONLY_ACTIVE_ARCH = YES;
				SDKROOT = iphoneos;
				SWIFT_ACTIVE_COMPILATION_CONDITIONS = DEBUG;
				SWIFT_OPTIMIZATION_LEVEL = "-Onone";
			};
			name = Debug;
		};
		4CDF62A128DDEF200047C765 /* Release */ = {
			isa = XCBuildConfiguration;
			buildSettings = {
				ALWAYS_SEARCH_USER_PATHS = NO;
				CLANG_ANALYZER_NONNULL = YES;
				CLANG_ANALYZER_NUMBER_OBJECT_CONVERSION = YES_AGGRESSIVE;
				CLANG_CXX_LANGUAGE_STANDARD = "gnu++20";
				CLANG_ENABLE_MODULES = YES;
				CLANG_ENABLE_OBJC_ARC = YES;
				CLANG_ENABLE_OBJC_WEAK = YES;
				CLANG_WARN_BLOCK_CAPTURE_AUTORELEASING = YES;
				CLANG_WARN_BOOL_CONVERSION = YES;
				CLANG_WARN_COMMA = YES;
				CLANG_WARN_CONSTANT_CONVERSION = YES;
				CLANG_WARN_DEPRECATED_OBJC_IMPLEMENTATIONS = YES;
				CLANG_WARN_DIRECT_OBJC_ISA_USAGE = YES_ERROR;
				CLANG_WARN_DOCUMENTATION_COMMENTS = YES;
				CLANG_WARN_EMPTY_BODY = YES;
				CLANG_WARN_ENUM_CONVERSION = YES;
				CLANG_WARN_INFINITE_RECURSION = YES;
				CLANG_WARN_INT_CONVERSION = YES;
				CLANG_WARN_NON_LITERAL_NULL_CONVERSION = YES;
				CLANG_WARN_OBJC_IMPLICIT_RETAIN_SELF = YES;
				CLANG_WARN_OBJC_LITERAL_CONVERSION = YES;
				CLANG_WARN_OBJC_ROOT_CLASS = YES_ERROR;
				CLANG_WARN_QUOTED_INCLUDE_IN_FRAMEWORK_HEADER = YES;
				CLANG_WARN_RANGE_LOOP_ANALYSIS = YES;
				CLANG_WARN_STRICT_PROTOTYPES = YES;
				CLANG_WARN_SUSPICIOUS_MOVE = YES;
				CLANG_WARN_UNGUARDED_AVAILABILITY = YES_AGGRESSIVE;
				CLANG_WARN_UNREACHABLE_CODE = YES;
				CLANG_WARN__DUPLICATE_METHOD_MATCH = YES;
				COPY_PHASE_STRIP = NO;
				DEBUG_INFORMATION_FORMAT = "dwarf-with-dsym";
				ENABLE_NS_ASSERTIONS = NO;
				ENABLE_STRICT_OBJC_MSGSEND = YES;
				GCC_C_LANGUAGE_STANDARD = gnu11;
				GCC_NO_COMMON_BLOCKS = YES;
				GCC_WARN_64_TO_32_BIT_CONVERSION = YES;
				GCC_WARN_ABOUT_RETURN_TYPE = YES_ERROR;
				GCC_WARN_UNDECLARED_SELECTOR = YES;
				GCC_WARN_UNINITIALIZED_AUTOS = YES_AGGRESSIVE;
				GCC_WARN_UNUSED_FUNCTION = YES;
				GCC_WARN_UNUSED_VARIABLE = YES;
				IPHONEOS_DEPLOYMENT_TARGET = 16.0;
				MTL_ENABLE_DEBUG_INFO = NO;
				MTL_FAST_MATH = YES;
				SDKROOT = iphoneos;
				SWIFT_COMPILATION_MODE = wholemodule;
				SWIFT_OPTIMIZATION_LEVEL = "-O";
				VALIDATE_PRODUCT = YES;
			};
			name = Release;
		};
		4CDF62A328DDEF200047C765 /* Debug */ = {
			isa = XCBuildConfiguration;
			buildSettings = {
				ASSETCATALOG_COMPILER_APPICON_NAME = AppIcon;
				ASSETCATALOG_COMPILER_GLOBAL_ACCENT_COLOR_NAME = AccentColor;
				CODE_SIGN_STYLE = Automatic;
				CURRENT_PROJECT_VERSION = 1;
				DEVELOPMENT_ASSET_PATHS = "\"Next Expense/Preview Content\"";
				DEVELOPMENT_TEAM = VWCW8YMM6Y;
				ENABLE_PREVIEWS = YES;
				GENERATE_INFOPLIST_FILE = YES;
				INFOPLIST_KEY_UIApplicationSceneManifest_Generation = YES;
				INFOPLIST_KEY_UIApplicationSupportsIndirectInputEvents = YES;
				INFOPLIST_KEY_UILaunchScreen_Generation = YES;
				INFOPLIST_KEY_UISupportedInterfaceOrientations_iPad = "UIInterfaceOrientationPortrait UIInterfaceOrientationPortraitUpsideDown UIInterfaceOrientationLandscapeLeft UIInterfaceOrientationLandscapeRight";
				INFOPLIST_KEY_UISupportedInterfaceOrientations_iPhone = "UIInterfaceOrientationPortrait UIInterfaceOrientationLandscapeLeft UIInterfaceOrientationLandscapeRight";
				LD_RUNPATH_SEARCH_PATHS = (
					"$(inherited)",
					"@executable_path/Frameworks",
				);
				MARKETING_VERSION = 1.0;
				PRODUCT_BUNDLE_IDENTIFIER = "Transformia.Next-Expense";
				PRODUCT_NAME = "$(TARGET_NAME)";
				SWIFT_EMIT_LOC_STRINGS = YES;
				SWIFT_VERSION = 5.0;
				TARGETED_DEVICE_FAMILY = "1,2";
			};
			name = Debug;
		};
		4CDF62A428DDEF200047C765 /* Release */ = {
			isa = XCBuildConfiguration;
			buildSettings = {
				ASSETCATALOG_COMPILER_APPICON_NAME = AppIcon;
				ASSETCATALOG_COMPILER_GLOBAL_ACCENT_COLOR_NAME = AccentColor;
				CODE_SIGN_STYLE = Automatic;
				CURRENT_PROJECT_VERSION = 1;
				DEVELOPMENT_ASSET_PATHS = "\"Next Expense/Preview Content\"";
				DEVELOPMENT_TEAM = VWCW8YMM6Y;
				ENABLE_PREVIEWS = YES;
				GENERATE_INFOPLIST_FILE = YES;
				INFOPLIST_KEY_UIApplicationSceneManifest_Generation = YES;
				INFOPLIST_KEY_UIApplicationSupportsIndirectInputEvents = YES;
				INFOPLIST_KEY_UILaunchScreen_Generation = YES;
				INFOPLIST_KEY_UISupportedInterfaceOrientations_iPad = "UIInterfaceOrientationPortrait UIInterfaceOrientationPortraitUpsideDown UIInterfaceOrientationLandscapeLeft UIInterfaceOrientationLandscapeRight";
				INFOPLIST_KEY_UISupportedInterfaceOrientations_iPhone = "UIInterfaceOrientationPortrait UIInterfaceOrientationLandscapeLeft UIInterfaceOrientationLandscapeRight";
				LD_RUNPATH_SEARCH_PATHS = (
					"$(inherited)",
					"@executable_path/Frameworks",
				);
				MARKETING_VERSION = 1.0;
				PRODUCT_BUNDLE_IDENTIFIER = "Transformia.Next-Expense";
				PRODUCT_NAME = "$(TARGET_NAME)";
				SWIFT_EMIT_LOC_STRINGS = YES;
				SWIFT_VERSION = 5.0;
				TARGETED_DEVICE_FAMILY = "1,2";
			};
			name = Release;
		};
/* End XCBuildConfiguration section */

/* Begin XCConfigurationList section */
		4CDF628928DDEF1E0047C765 /* Build configuration list for PBXProject "Next Expense" */ = {
			isa = XCConfigurationList;
			buildConfigurations = (
				4CDF62A028DDEF200047C765 /* Debug */,
				4CDF62A128DDEF200047C765 /* Release */,
			);
			defaultConfigurationIsVisible = 0;
			defaultConfigurationName = Release;
		};
		4CDF62A228DDEF200047C765 /* Build configuration list for PBXNativeTarget "Next Expense" */ = {
			isa = XCConfigurationList;
			buildConfigurations = (
				4CDF62A328DDEF200047C765 /* Debug */,
				4CDF62A428DDEF200047C765 /* Release */,
			);
			defaultConfigurationIsVisible = 0;
			defaultConfigurationName = Release;
		};
/* End XCConfigurationList section */

/* Begin XCVersionGroup section */
		4CDF629C28DDEF200047C765 /* Next_Expense.xcdatamodeld */ = {
			isa = XCVersionGroup;
			children = (
				4CDF629D28DDEF200047C765 /* Next_Expense.xcdatamodel */,
			);
			currentVersion = 4CDF629D28DDEF200047C765 /* Next_Expense.xcdatamodel */;
			path = Next_Expense.xcdatamodeld;
			sourceTree = "<group>";
			versionGroupType = wrapper.xcdatamodel;
		};
/* End XCVersionGroup section */
	};
	rootObject = 4CDF628628DDEF1E0047C765 /* Project object */;
}
